// !$*UTF8*$!
{
	archiveVersion = 1;
	classes = {
	};
	objectVersion = 55;
	objects = {

/* Begin PBXBuildFile section */
		A27F647F281763DD00D6791D /* AppDelegate.swift in Sources */ = {isa = PBXBuildFile; fileRef = A27F647E281763DD00D6791D /* AppDelegate.swift */; };
		A27F6481281763DD00D6791D /* SceneDelegate.swift in Sources */ = {isa = PBXBuildFile; fileRef = A27F6480281763DD00D6791D /* SceneDelegate.swift */; };
		A27F6486281763DD00D6791D /* Main.storyboard in Resources */ = {isa = PBXBuildFile; fileRef = A27F6484281763DD00D6791D /* Main.storyboard */; };
		A27F6488281763DF00D6791D /* Assets.xcassets in Resources */ = {isa = PBXBuildFile; fileRef = A27F6487281763DF00D6791D /* Assets.xcassets */; };
		A27F648B281763E000D6791D /* LaunchScreen.storyboard in Resources */ = {isa = PBXBuildFile; fileRef = A27F6489281763E000D6791D /* LaunchScreen.storyboard */; };
		A27F64932818807900D6791D /* Schedule.swift in Sources */ = {isa = PBXBuildFile; fileRef = A27F64922818807900D6791D /* Schedule.swift */; };
		A2F7D772281882D900201950 /* LessonsScheduleController.swift in Sources */ = {isa = PBXBuildFile; fileRef = A2F7D771281882D900201950 /* LessonsScheduleController.swift */; };
		A2F7D774281884EC00201950 /* ScheduleManager.swift in Sources */ = {isa = PBXBuildFile; fileRef = A2F7D773281884EC00201950 /* ScheduleManager.swift */; };
/* End PBXBuildFile section */

/* Begin PBXFileReference section */
		A27F647B281763DD00D6791D /* Schedule KPI.app */ = {isa = PBXFileReference; explicitFileType = wrapper.application; includeInIndex = 0; path = "Schedule KPI.app"; sourceTree = BUILT_PRODUCTS_DIR; };
		A27F647E281763DD00D6791D /* AppDelegate.swift */ = {isa = PBXFileReference; lastKnownFileType = sourcecode.swift; path = AppDelegate.swift; sourceTree = "<group>"; };
		A27F6480281763DD00D6791D /* SceneDelegate.swift */ = {isa = PBXFileReference; lastKnownFileType = sourcecode.swift; path = SceneDelegate.swift; sourceTree = "<group>"; };
		A27F6485281763DD00D6791D /* Base */ = {isa = PBXFileReference; lastKnownFileType = file.storyboard; name = Base; path = Base.lproj/Main.storyboard; sourceTree = "<group>"; };
		A27F6487281763DF00D6791D /* Assets.xcassets */ = {isa = PBXFileReference; lastKnownFileType = folder.assetcatalog; path = Assets.xcassets; sourceTree = "<group>"; };
		A27F648A281763E000D6791D /* Base */ = {isa = PBXFileReference; lastKnownFileType = file.storyboard; name = Base; path = Base.lproj/LaunchScreen.storyboard; sourceTree = "<group>"; };
		A27F648C281763E000D6791D /* Info.plist */ = {isa = PBXFileReference; lastKnownFileType = text.plist.xml; path = Info.plist; sourceTree = "<group>"; };
		A27F64922818807900D6791D /* Schedule.swift */ = {isa = PBXFileReference; lastKnownFileType = sourcecode.swift; path = Schedule.swift; sourceTree = "<group>"; };
		A2F7D771281882D900201950 /* LessonsScheduleController.swift */ = {isa = PBXFileReference; lastKnownFileType = sourcecode.swift; path = LessonsScheduleController.swift; sourceTree = "<group>"; };
		A2F7D773281884EC00201950 /* ScheduleManager.swift */ = {isa = PBXFileReference; lastKnownFileType = sourcecode.swift; path = ScheduleManager.swift; sourceTree = "<group>"; };
/* End PBXFileReference section */

/* Begin PBXFrameworksBuildPhase section */
		A27F6478281763DD00D6791D /* Frameworks */ = {
			isa = PBXFrameworksBuildPhase;
			buildActionMask = 2147483647;
			files = (
			);
			runOnlyForDeploymentPostprocessing = 0;
		};
/* End PBXFrameworksBuildPhase section */

/* Begin PBXGroup section */
		A27F6472281763DD00D6791D = {
			isa = PBXGroup;
			children = (
				A27F647D281763DD00D6791D /* Schedule KPI */,
				A27F647C281763DD00D6791D /* Products */,
			);
			sourceTree = "<group>";
		};
		A27F647C281763DD00D6791D /* Products */ = {
			isa = PBXGroup;
			children = (
				A27F647B281763DD00D6791D /* Schedule KPI.app */,
			);
			name = Products;
			sourceTree = "<group>";
		};
		A27F647D281763DD00D6791D /* Schedule KPI */ = {
			isa = PBXGroup;
			children = (
				A27F647E281763DD00D6791D /* AppDelegate.swift */,
				A27F6480281763DD00D6791D /* SceneDelegate.swift */,
				A27F64942818808200D6791D /* Model */,
				A27F6495281881F000D6791D /* View */,
				A27F64962818820200D6791D /* Controller */,
				A27F6487281763DF00D6791D /* Assets.xcassets */,
				A27F648C281763E000D6791D /* Info.plist */,
			);
			path = "Schedule KPI";
			sourceTree = "<group>";
		};
		A27F64942818808200D6791D /* Model */ = {
			isa = PBXGroup;
			children = (
				A27F64922818807900D6791D /* Schedule.swift */,
				A2F7D773281884EC00201950 /* ScheduleManager.swift */,
			);
			path = Model;
			sourceTree = "<group>";
		};
		A27F6495281881F000D6791D /* View */ = {
			isa = PBXGroup;
			children = (
				A27F6484281763DD00D6791D /* Main.storyboard */,
				A27F6489281763E000D6791D /* LaunchScreen.storyboard */,
			);
			path = View;
			sourceTree = "<group>";
		};
		A27F64962818820200D6791D /* Controller */ = {
			isa = PBXGroup;
			children = (
				A2F7D771281882D900201950 /* LessonsScheduleController.swift */,
			);
			path = Controller;
			sourceTree = "<group>";
		};
/* End PBXGroup section */

/* Begin PBXNativeTarget section */
		A27F647A281763DD00D6791D /* Schedule KPI */ = {
			isa = PBXNativeTarget;
			buildConfigurationList = A27F648F281763E000D6791D /* Build configuration list for PBXNativeTarget "Schedule KPI" */;
			buildPhases = (
				A27F6477281763DD00D6791D /* Sources */,
				A27F6478281763DD00D6791D /* Frameworks */,
				A27F6479281763DD00D6791D /* Resources */,
			);
			buildRules = (
			);
			dependencies = (
			);
			name = "Schedule KPI";
			productName = "Schedule KPI";
			productReference = A27F647B281763DD00D6791D /* Schedule KPI.app */;
			productType = "com.apple.product-type.application";
		};
/* End PBXNativeTarget section */

/* Begin PBXProject section */
		A27F6473281763DD00D6791D /* Project object */ = {
			isa = PBXProject;
			attributes = {
				BuildIndependentTargetsInParallel = 1;
				LastSwiftUpdateCheck = 1330;
				LastUpgradeCheck = 1330;
				TargetAttributes = {
					A27F647A281763DD00D6791D = {
						CreatedOnToolsVersion = 13.3.1;
					};
				};
			};
			buildConfigurationList = A27F6476281763DD00D6791D /* Build configuration list for PBXProject "Schedule KPI" */;
			compatibilityVersion = "Xcode 13.0";
			developmentRegion = en;
			hasScannedForEncodings = 0;
			knownRegions = (
				en,
				Base,
			);
			mainGroup = A27F6472281763DD00D6791D;
			productRefGroup = A27F647C281763DD00D6791D /* Products */;
			projectDirPath = "";
			projectRoot = "";
			targets = (
				A27F647A281763DD00D6791D /* Schedule KPI */,
			);
		};
/* End PBXProject section */

/* Begin PBXResourcesBuildPhase section */
		A27F6479281763DD00D6791D /* Resources */ = {
			isa = PBXResourcesBuildPhase;
			buildActionMask = 2147483647;
			files = (
				A27F648B281763E000D6791D /* LaunchScreen.storyboard in Resources */,
				A27F6488281763DF00D6791D /* Assets.xcassets in Resources */,
				A27F6486281763DD00D6791D /* Main.storyboard in Resources */,
			);
			runOnlyForDeploymentPostprocessing = 0;
		};
/* End PBXResourcesBuildPhase section */

/* Begin PBXSourcesBuildPhase section */
		A27F6477281763DD00D6791D /* Sources */ = {
			isa = PBXSourcesBuildPhase;
			buildActionMask = 2147483647;
			files = (
				A27F647F281763DD00D6791D /* AppDelegate.swift in Sources */,
				A2F7D774281884EC00201950 /* ScheduleManager.swift in Sources */,
				A2F7D772281882D900201950 /* LessonsScheduleController.swift in Sources */,
				A27F64932818807900D6791D /* Schedule.swift in Sources */,
				A27F6481281763DD00D6791D /* SceneDelegate.swift in Sources */,
			);
			runOnlyForDeploymentPostprocessing = 0;
		};
/* End PBXSourcesBuildPhase section */

/* Begin PBXVariantGroup section */
		A27F6484281763DD00D6791D /* Main.storyboard */ = {
			isa = PBXVariantGroup;
			children = (
				A27F6485281763DD00D6791D /* Base */,
			);
			name = Main.storyboard;
			sourceTree = "<group>";
		};
		A27F6489281763E000D6791D /* LaunchScreen.storyboard */ = {
			isa = PBXVariantGroup;
			children = (
				A27F648A281763E000D6791D /* Base */,
			);
			name = LaunchScreen.storyboard;
			sourceTree = "<group>";
		};
/* End PBXVariantGroup section */

/* Begin XCBuildConfiguration section */
		A27F648D281763E000D6791D /* Debug */ = {
			isa = XCBuildConfiguration;
			buildSettings = {
				ALWAYS_SEARCH_USER_PATHS = NO;
				CLANG_ANALYZER_NONNULL = YES;
				CLANG_ANALYZER_NUMBER_OBJECT_CONVERSION = YES_AGGRESSIVE;
				CLANG_CXX_LANGUAGE_STANDARD = "gnu++17";
				CLANG_ENABLE_MODULES = YES;
				CLANG_ENABLE_OBJC_ARC = YES;
				CLANG_ENABLE_OBJC_WEAK = YES;
				CLANG_WARN_BLOCK_CAPTURE_AUTORELEASING = YES;
				CLANG_WARN_BOOL_CONVERSION = YES;
				CLANG_WARN_COMMA = YES;
				CLANG_WARN_CONSTANT_CONVERSION = YES;
				CLANG_WARN_DEPRECATED_OBJC_IMPLEMENTATIONS = YES;
				CLANG_WARN_DIRECT_OBJC_ISA_USAGE = YES_ERROR;
				CLANG_WARN_DOCUMENTATION_COMMENTS = YES;
				CLANG_WARN_EMPTY_BODY = YES;
				CLANG_WARN_ENUM_CONVERSION = YES;
				CLANG_WARN_INFINITE_RECURSION = YES;
				CLANG_WARN_INT_CONVERSION = YES;
				CLANG_WARN_NON_LITERAL_NULL_CONVERSION = YES;
				CLANG_WARN_OBJC_IMPLICIT_RETAIN_SELF = YES;
				CLANG_WARN_OBJC_LITERAL_CONVERSION = YES;
				CLANG_WARN_OBJC_ROOT_CLASS = YES_ERROR;
				CLANG_WARN_QUOTED_INCLUDE_IN_FRAMEWORK_HEADER = YES;
				CLANG_WARN_RANGE_LOOP_ANALYSIS = YES;
				CLANG_WARN_STRICT_PROTOTYPES = YES;
				CLANG_WARN_SUSPICIOUS_MOVE = YES;
				CLANG_WARN_UNGUARDED_AVAILABILITY = YES_AGGRESSIVE;
				CLANG_WARN_UNREACHABLE_CODE = YES;
				CLANG_WARN__DUPLICATE_METHOD_MATCH = YES;
				COPY_PHASE_STRIP = NO;
				DEBUG_INFORMATION_FORMAT = dwarf;
				ENABLE_STRICT_OBJC_MSGSEND = YES;
				ENABLE_TESTABILITY = YES;
				GCC_C_LANGUAGE_STANDARD = gnu11;
				GCC_DYNAMIC_NO_PIC = NO;
				GCC_NO_COMMON_BLOCKS = YES;
				GCC_OPTIMIZATION_LEVEL = 0;
				GCC_PREPROCESSOR_DEFINITIONS = (
					"DEBUG=1",
					"$(inherited)",
				);
				GCC_WARN_64_TO_32_BIT_CONVERSION = YES;
				GCC_WARN_ABOUT_RETURN_TYPE = YES_ERROR;
				GCC_WARN_UNDECLARED_SELECTOR = YES;
				GCC_WARN_UNINITIALIZED_AUTOS = YES_AGGRESSIVE;
				GCC_WARN_UNUSED_FUNCTION = YES;
				GCC_WARN_UNUSED_VARIABLE = YES;
				IPHONEOS_DEPLOYMENT_TARGET = 14.0;
				MTL_ENABLE_DEBUG_INFO = INCLUDE_SOURCE;
				MTL_FAST_MATH = YES;
				ONLY_ACTIVE_ARCH = YES;
				SDKROOT = iphoneos;
				SWIFT_ACTIVE_COMPILATION_CONDITIONS = DEBUG;
				SWIFT_OPTIMIZATION_LEVEL = "-Onone";
			};
			name = Debug;
		};
		A27F648E281763E000D6791D /* Release */ = {
			isa = XCBuildConfiguration;
			buildSettings = {
				ALWAYS_SEARCH_USER_PATHS = NO;
				CLANG_ANALYZER_NONNULL = YES;
				CLANG_ANALYZER_NUMBER_OBJECT_CONVERSION = YES_AGGRESSIVE;
				CLANG_CXX_LANGUAGE_STANDARD = "gnu++17";
				CLANG_ENABLE_MODULES = YES;
				CLANG_ENABLE_OBJC_ARC = YES;
				CLANG_ENABLE_OBJC_WEAK = YES;
				CLANG_WARN_BLOCK_CAPTURE_AUTORELEASING = YES;
				CLANG_WARN_BOOL_CONVERSION = YES;
				CLANG_WARN_COMMA = YES;
				CLANG_WARN_CONSTANT_CONVERSION = YES;
				CLANG_WARN_DEPRECATED_OBJC_IMPLEMENTATIONS = YES;
				CLANG_WARN_DIRECT_OBJC_ISA_USAGE = YES_ERROR;
				CLANG_WARN_DOCUMENTATION_COMMENTS = YES;
				CLANG_WARN_EMPTY_BODY = YES;
				CLANG_WARN_ENUM_CONVERSION = YES;
				CLANG_WARN_INFINITE_RECURSION = YES;
				CLANG_WARN_INT_CONVERSION = YES;
				CLANG_WARN_NON_LITERAL_NULL_CONVERSION = YES;
				CLANG_WARN_OBJC_IMPLICIT_RETAIN_SELF = YES;
				CLANG_WARN_OBJC_LITERAL_CONVERSION = YES;
				CLANG_WARN_OBJC_ROOT_CLASS = YES_ERROR;
				CLANG_WARN_QUOTED_INCLUDE_IN_FRAMEWORK_HEADER = YES;
				CLANG_WARN_RANGE_LOOP_ANALYSIS = YES;
				CLANG_WARN_STRICT_PROTOTYPES = YES;
				CLANG_WARN_SUSPICIOUS_MOVE = YES;
				CLANG_WARN_UNGUARDED_AVAILABILITY = YES_AGGRESSIVE;
				CLANG_WARN_UNREACHABLE_CODE = YES;
				CLANG_WARN__DUPLICATE_METHOD_MATCH = YES;
				COPY_PHASE_STRIP = NO;
				DEBUG_INFORMATION_FORMAT = "dwarf-with-dsym";
				ENABLE_NS_ASSERTIONS = NO;
				ENABLE_STRICT_OBJC_MSGSEND = YES;
				GCC_C_LANGUAGE_STANDARD = gnu11;
				GCC_NO_COMMON_BLOCKS = YES;
				GCC_WARN_64_TO_32_BIT_CONVERSION = YES;
				GCC_WARN_ABOUT_RETURN_TYPE = YES_ERROR;
				GCC_WARN_UNDECLARED_SELECTOR = YES;
				GCC_WARN_UNINITIALIZED_AUTOS = YES_AGGRESSIVE;
				GCC_WARN_UNUSED_FUNCTION = YES;
				GCC_WARN_UNUSED_VARIABLE = YES;
				IPHONEOS_DEPLOYMENT_TARGET = 14.0;
				MTL_ENABLE_DEBUG_INFO = NO;
				MTL_FAST_MATH = YES;
				SDKROOT = iphoneos;
				SWIFT_COMPILATION_MODE = wholemodule;
				SWIFT_OPTIMIZATION_LEVEL = "-O";
				VALIDATE_PRODUCT = YES;
			};
			name = Release;
		};
		A27F6490281763E000D6791D /* Debug */ = {
			isa = XCBuildConfiguration;
			buildSettings = {
				ASSETCATALOG_COMPILER_APPICON_NAME = AppIcon;
				ASSETCATALOG_COMPILER_GLOBAL_ACCENT_COLOR_NAME = AccentColor;
				CODE_SIGN_STYLE = Automatic;
				CURRENT_PROJECT_VERSION = 1;
				DEVELOPMENT_TEAM = VVANLHN948;
				GENERATE_INFOPLIST_FILE = YES;
				INFOPLIST_FILE = "Schedule KPI/Info.plist";
				INFOPLIST_KEY_CFBundleDisplayName = "Schedule KPI";
				INFOPLIST_KEY_UIApplicationSupportsIndirectInputEvents = YES;
				INFOPLIST_KEY_UILaunchStoryboardName = LaunchScreen;
				INFOPLIST_KEY_UIMainStoryboardFile = Main;
				INFOPLIST_KEY_UISupportedInterfaceOrientations_iPad = "UIInterfaceOrientationPortrait UIInterfaceOrientationPortraitUpsideDown UIInterfaceOrientationLandscapeLeft UIInterfaceOrientationLandscapeRight";
				INFOPLIST_KEY_UISupportedInterfaceOrientations_iPhone = "UIInterfaceOrientationPortrait UIInterfaceOrientationLandscapeLeft UIInterfaceOrientationLandscapeRight";
				IPHONEOS_DEPLOYMENT_TARGET = 14.0;
				LD_RUNPATH_SEARCH_PATHS = (
					"$(inherited)",
					"@executable_path/Frameworks",
				);
				MARKETING_VERSION = 1.0;
				PRODUCT_BUNDLE_IDENTIFIER = "mrpaschenko.Schedule-KPI";
				PRODUCT_NAME = "$(TARGET_NAME)";
				SWIFT_EMIT_LOC_STRINGS = YES;
				SWIFT_VERSION = 5.0;
				TARGETED_DEVICE_FAMILY = 1;
			};
			name = Debug;
		};
		A27F6491281763E000D6791D /* Release */ = {
			isa = XCBuildConfiguration;
			buildSettings = {
				ASSETCATALOG_COMPILER_APPICON_NAME = AppIcon;
				ASSETCATALOG_COMPILER_GLOBAL_ACCENT_COLOR_NAME = AccentColor;
				CODE_SIGN_STYLE = Automatic;
				CURRENT_PROJECT_VERSION = 1;
				DEVELOPMENT_TEAM = VVANLHN948;
				GENERATE_INFOPLIST_FILE = YES;
				INFOPLIST_FILE = "Schedule KPI/Info.plist";
				INFOPLIST_KEY_CFBundleDisplayName = "Schedule KPI";
				INFOPLIST_KEY_UIApplicationSupportsIndirectInputEvents = YES;
				INFOPLIST_KEY_UILaunchStoryboardName = LaunchScreen;
				INFOPLIST_KEY_UIMainStoryboardFile = Main;
				INFOPLIST_KEY_UISupportedInterfaceOrientations_iPad = "UIInterfaceOrientationPortrait UIInterfaceOrientationPortraitUpsideDown UIInterfaceOrientationLandscapeLeft UIInterfaceOrientationLandscapeRight";
				INFOPLIST_KEY_UISupportedInterfaceOrientations_iPhone = "UIInterfaceOrientationPortrait UIInterfaceOrientationLandscapeLeft UIInterfaceOrientationLandscapeRight";
				IPHONEOS_DEPLOYMENT_TARGET = 14.0;
				LD_RUNPATH_SEARCH_PATHS = (
					"$(inherited)",
					"@executable_path/Frameworks",
				);
				MARKETING_VERSION = 1.0;
				PRODUCT_BUNDLE_IDENTIFIER = "mrpaschenko.Schedule-KPI";
				PRODUCT_NAME = "$(TARGET_NAME)";
				SWIFT_EMIT_LOC_STRINGS = YES;
				SWIFT_VERSION = 5.0;
				TARGETED_DEVICE_FAMILY = 1;
			};
			name = Release;
		};
/* End XCBuildConfiguration section */

/* Begin XCConfigurationList section */
		A27F6476281763DD00D6791D /* Build configuration list for PBXProject "Schedule KPI" */ = {
			isa = XCConfigurationList;
			buildConfigurations = (
				A27F648D281763E000D6791D /* Debug */,
				A27F648E281763E000D6791D /* Release */,
			);
			defaultConfigurationIsVisible = 0;
			defaultConfigurationName = Release;
		};
		A27F648F281763E000D6791D /* Build configuration list for PBXNativeTarget "Schedule KPI" */ = {
			isa = XCConfigurationList;
			buildConfigurations = (
				A27F6490281763E000D6791D /* Debug */,
				A27F6491281763E000D6791D /* Release */,
			);
			defaultConfigurationIsVisible = 0;
			defaultConfigurationName = Release;
		};
/* End XCConfigurationList section */
	};
	rootObject = A27F6473281763DD00D6791D /* Project object */;
}
